Microsoft Visual Studio Solution File, Format Version 12.00
# Visual Studio 15
VisualStudioVersion = 15.0.28307.1022
MinimumVisualStudioVersion = 10.0.40219.1
Project("{FAE04EC0-301F-11D3-BF4B-00C04F79EFBC}") = "Class_Diagram", "Class_Diagram.csproj", "{FDEBF7B5-FCA0-40AB-8031-BBD224B41C22}"
EndProject
Global
	GlobalSection(SolutionConfigurationPlatforms) = preSolution
		Debug|Any CPU = Debug|Any CPU
		Release|Any CPU = Release|Any CPU
	EndGlobalSection
	GlobalSection(ProjectConfigurationPlatforms) = postSolution
		{FDEBF7B5-FCA0-40AB-8031-BBD224B41C22}.Debug|Any CPU.ActiveCfg = Debug|Any CPU
		{FDEBF7B5-FCA0-40AB-8031-BBD224B41C22}.Debug|Any CPU.Build.0 = Debug|Any CPU
		{FDEBF7B5-FCA0-40AB-8031-BBD224B41C22}.Release|Any CPU.ActiveCfg = Release|Any CPU
		{FDEBF7B5-FCA0-40AB-8031-BBD224B41C22}.Release|Any CPU.Build.0 = Release|Any CPU
	EndGlobalSection
	GlobalSection(SolutionProperties) = preSolution
		HideSolutionNode = FALSE
	EndGlobalSection
	GlobalSection(ExtensibilityGlobals) = postSolution
		SolutionGuid = {1AE10B56-27D3-4D93-A81B-9A35C57D876F}
	EndGlobalSection
EndGlobal
